
Microsoft Visual Studio Solution File, Format Version 12.00
# Visual Studio Version 16
VisualStudioVersion = 16.0.33214.272
MinimumVisualStudioVersion = 10.0.40219.1
Project("{F184B08F-C81C-45F6-A57F-5ABD9991F28F}") = "ComicConvention", "ComicConvention.vbproj", "{BC0B1143-1A08-420D-A31D-9114E5892DED}"
EndProject
Global
	GlobalSection(SolutionConfigurationPlatforms) = preSolution
		Debug|Any CPU = Debug|Any CPU
		Release|Any CPU = Release|Any CPU
	EndGlobalSection
	GlobalSection(ProjectConfigurationPlatforms) = postSolution
		{BC0B1143-1A08-420D-A31D-9114E5892DED}.Debug|Any CPU.ActiveCfg = Debug|Any CPU
		{BC0B1143-1A08-420D-A31D-9114E5892DED}.Debug|Any CPU.Build.0 = Debug|Any CPU
		{BC0B1143-1A08-420D-A31D-9114E5892DED}.Release|Any CPU.ActiveCfg = Release|Any CPU
		{BC0B1143-1A08-420D-A31D-9114E5892DED}.Release|Any CPU.Build.0 = Release|Any CPU
	EndGlobalSection
	GlobalSection(SolutionProperties) = preSolution
		HideSolutionNode = FALSE
	EndGlobalSection
	GlobalSection(ExtensibilityGlobals) = postSolution
		SolutionGuid = {962B4136-EE37-4E65-99A4-C6572F35FC14}
	EndGlobalSection
EndGlobal
